github.com/Ygg-Drasill/DookieFilter/common v0.0.0-20250220211730-63c2433c1e7d h1:SJrAzuZWFXI67Pfnl2qKprXpyzFMCg+o0tZT4pntqg4=
github.com/Ygg-Drasill/DookieFilter/common v0.0.0-20250220211730-63c2433c1e7d/go.mod h1:3inDp+YR+tX8v29V7hd3o9ulFnizk8wnKzea+T2K5pQ=
github.com/pebbe/zmq4 v1.2.11 h1:Ua5mgIaZeabUGnH7tqswkUcjkL7JYGai5e8v4hpEU9Q=
github.com/pebbe/zmq4 v1.2.11/go.mod h1:nqnPueOapVhE2wItZ0uOErngczsJdLOGkebMxaO8r48=
